
Microsoft Visual Studio Solution File, Format Version 12.00
# Visual Studio 15
VisualStudioVersion = 15.0.28306.52
MinimumVisualStudioVersion = 10.0.40219.1
Project("{888888A0-9F3D-457C-B088-3A5042F75D52}") = "PolarizationAnalysis", "PolarizationAnalysis.pyproj", "{E7402CF8-9CF7-4122-802A-14DCAA94AC57}"
EndProject
Global
	GlobalSection(SolutionConfigurationPlatforms) = preSolution
		Debug|Any CPU = Debug|Any CPU
		Release|Any CPU = Release|Any CPU
	EndGlobalSection
	GlobalSection(ProjectConfigurationPlatforms) = postSolution
		{E7402CF8-9CF7-4122-802A-14DCAA94AC57}.Debug|Any CPU.ActiveCfg = Debug|Any CPU
		{E7402CF8-9CF7-4122-802A-14DCAA94AC57}.Release|Any CPU.ActiveCfg = Release|Any CPU
	EndGlobalSection
	GlobalSection(SolutionProperties) = preSolution
		HideSolutionNode = FALSE
	EndGlobalSection
	GlobalSection(ExtensibilityGlobals) = postSolution
		SolutionGuid = {45BD4B75-434D-4AA7-8DAA-BC74FE3C0257}
	EndGlobalSection
EndGlobal
